<?xml version="1.0" encoding="utf-8"?>
<Project ToolsVersion="4.0" xmlns="http://schemas.microsoft.com/developer/msbuild/2003">
  <ItemGroup>
    <Filter Include="Source Files">
      <UniqueIdentifier>{8ab50c0f-2380-4614-a9d1-e6889e155333}</UniqueIdentifier>
      <Extensions>cpp;c;cxx;rc;def;r;odl;idl;hpj;bat</Extensions>
    </Filter>
    <Filter Include="Header Files">
      <UniqueIdentifier>{586cc3fb-3094-4981-b3ce-37aeb4dd37d9}</UniqueIdentifier>
      <Extensions>h;hpp;hxx;hm;inl</Extensions>
    </Filter>
    <Filter Include="Resource Files">
      <UniqueIdentifier>{f744c4cf-7e5e-401e-b31f-7fa1a69026b4}</UniqueIdentifier>
      <Extensions>ico;cur;bmp;dlg;rc2;rct;bin;rgs;gif;jpg;jpeg;jpe</Extensions>
    </Filter>
  </ItemGroup>
  <ItemGroup>
    <ClCompile Include="DataMod.cpp">
      <Filter>Source Files</Filter>
    </ClCompile>
    <ClCompile Include="DataModDlg.cpp">
      <Filter>Source Files</Filter>
    </ClCompile>
    <ClCompile Include="DlgListMod.cpp">
      <Filter>Source Files</Filter>
    </ClCompile>
    <ClCompile Include="DlgRemark.cpp">
      <Filter>Source Files</Filter>
    </ClCompile>
    <ClCompile Include="LineChartCtrl.cpp">
      <Filter>Source Files</Filter>
    </ClCompile>
    <ClCompile Include="LineChartCtrlEx.cpp">
      <Filter>Source Files</Filter>
    </ClCompile>
    <ClCompile Include="ListCtrlEdit.cpp">
      <Filter>Source Files</Filter>
    </ClCompile>
    <ClCompile Include="ListCtrlEditBase.cpp">
      <Filter>Source Files</Filter>
    </ClCompile>
    <ClCompile Include="ListCtrlMap.cpp">
      <Filter>Source Files</Filter>
    </ClCompile>
    <ClCompile Include="Mylistctrl.cpp">
      <Filter>Source Files</Filter>
    </ClCompile>
    <ClCompile Include="Ruler.cpp">
      <Filter>Source Files</Filter>
    </ClCompile>
    <ClCompile Include="StdAfx.cpp">
      <Filter>Source Files</Filter>
    </ClCompile>
    <ClCompile Include="DlgHisGrp.cpp">
      <Filter>Source Files</Filter>
    </ClCompile>
    <ClCompile Include="DlgPassword.cpp">
      <Filter>Source Files</Filter>
    </ClCompile>
    <ClCompile Include="Global.cpp">
      <Filter>Source Files</Filter>
    </ClCompile>
    <ClCompile Include="DrillData.pb.cc">
      <Filter>Source Files</Filter>
    </ClCompile>
  </ItemGroup>
  <ItemGroup>
    <ResourceCompile Include="DataMod.rc">
      <Filter>Source Files</Filter>
    </ResourceCompile>
  </ItemGroup>
  <ItemGroup>
    <ClInclude Include="DataMod.h">
      <Filter>Header Files</Filter>
    </ClInclude>
    <ClInclude Include="DataModDlg.h">
      <Filter>Header Files</Filter>
    </ClInclude>
    <ClInclude Include="DlgListMod.h">
      <Filter>Header Files</Filter>
    </ClInclude>
    <ClInclude Include="DlgRemark.h">
      <Filter>Header Files</Filter>
    </ClInclude>
    <ClInclude Include="LineChartCtrl.h">
      <Filter>Header Files</Filter>
    </ClInclude>
    <ClInclude Include="LineChartCtrlEx.h">
      <Filter>Header Files</Filter>
    </ClInclude>
    <ClInclude Include="ListCtrlEdit.h">
      <Filter>Header Files</Filter>
    </ClInclude>
    <ClInclude Include="ListCtrlEditBase.h">
      <Filter>Header Files</Filter>
    </ClInclude>
    <ClInclude Include="ListCtrlMap.h">
      <Filter>Header Files</Filter>
    </ClInclude>
    <ClInclude Include="Mylistctrl.h">
      <Filter>Header Files</Filter>
    </ClInclude>
    <ClInclude Include="Resource.h">
      <Filter>Header Files</Filter>
    </ClInclude>
    <ClInclude Include="Ruler.h">
      <Filter>Header Files</Filter>
    </ClInclude>
    <ClInclude Include="StdAfx.h">
      <Filter>Header Files</Filter>
    </ClInclude>
    <ClInclude Include="DlgHisGrp.h">
      <Filter>Header Files</Filter>
    </ClInclude>
    <ClInclude Include="DlgPassword.h">
      <Filter>Header Files</Filter>
    </ClInclude>
    <ClInclude Include="Global.h">
      <Filter>Header Files</Filter>
    </ClInclude>
    <ClInclude Include="DrillData.pb.h">
      <Filter>Header Files</Filter>
    </ClInclude>
  </ItemGroup>
  <ItemGroup>
    <Image Include="res\cross.bmp">
      <Filter>Resource Files</Filter>
    </Image>
    <Image Include="res\cross_w.bmp">
      <Filter>Resource Files</Filter>
    </Image>
    <Image Include="res\DataMod.ico">
      <Filter>Resource Files</Filter>
    </Image>
    <Image Include="res\MARK0023.ICO">
      <Filter>Resource Files</Filter>
    </Image>
    <Image Include="res\open.ico">
      <Filter>Resource Files</Filter>
    </Image>
    <Image Include="res\Print.ico">
      <Filter>Resource Files</Filter>
    </Image>
    <Image Include="res\prior.ico">
      <Filter>Resource Files</Filter>
    </Image>
    <Image Include="res\Save.ico">
      <Filter>Resource Files</Filter>
    </Image>
  </ItemGroup>
  <ItemGroup>
    <None Include="res\DataMod.rc2">
      <Filter>Resource Files</Filter>
    </None>
  </ItemGroup>
  <ItemGroup>
    <Text Include="ReadMe.txt" />
  </ItemGroup>
</Project>