<?xml version="1.0" encoding="utf-8"?>
<Project ToolsVersion="4.0" xmlns="http://schemas.microsoft.com/developer/msbuild/2003">
  <ItemGroup>
    <Filter Include="Header Files">
      <UniqueIdentifier>{93995380-89BD-4b04-88EB-625FBE52EBFB}</UniqueIdentifier>
      <Extensions>h;hpp;hxx;hm;inl;inc;xsd</Extensions>
    </Filter>
    <Filter Include="Resource Files">
      <UniqueIdentifier>{67DA6AB6-F800-4c08-8B7A-83BB121AAD01}</UniqueIdentifier>
      <Extensions>rc;ico;cur;bmp;dlg;rc2;rct;bin;rgs;gif;jpg;jpeg;jpe;resx</Extensions>
    </Filter>
    <Filter Include="Source Files">
      <UniqueIdentifier>{4FC737F1-C7A5-4376-A066-2A32D752A2FF}</UniqueIdentifier>
      <Extensions>cpp;c;cc;cxx;def;odl;idl;hpj;bat;asm;asmx</Extensions>
    </Filter>
  </ItemGroup>
  <ItemGroup>
    <ClInclude Include="BtnST.h">
      <Filter>Header Files</Filter>
    </ClInclude>
    <ClInclude Include="CeXDib.h">
      <Filter>Header Files</Filter>
    </ClInclude>
    <ClInclude Include="CrashHandler.h">
      <Filter>Header Files</Filter>
    </ClInclude>
    <ClInclude Include="DlgCollect.h">
      <Filter>Header Files</Filter>
    </ClInclude>
    <ClInclude Include="DlgFuncTest.h">
      <Filter>Header Files</Filter>
    </ClInclude>
    <ClInclude Include="DlgHisGrp.h">
      <Filter>Header Files</Filter>
    </ClInclude>
    <ClInclude Include="DlgHisList.h">
      <Filter>Header Files</Filter>
    </ClInclude>
    <ClInclude Include="DlgHisSumup.h">
      <Filter>Header Files</Filter>
    </ClInclude>
    <ClInclude Include="DlgParaSet.h">
      <Filter>Header Files</Filter>
    </ClInclude>
    <ClInclude Include="DlgPassword.h">
      <Filter>Header Files</Filter>
    </ClInclude>
    <ClInclude Include="DlgRemark.h">
      <Filter>Header Files</Filter>
    </ClInclude>
    <ClInclude Include="DlgScm.h">
      <Filter>Header Files</Filter>
    </ClInclude>
    <ClInclude Include="DlgZero.h">
      <Filter>Header Files</Filter>
    </ClInclude>
    <ClInclude Include="HighResTimer.h">
      <Filter>Header Files</Filter>
    </ClInclude>
    <ClInclude Include="LineChartCtrl.h">
      <Filter>Header Files</Filter>
    </ClInclude>
    <ClInclude Include="LineChartCtrlEx.h">
      <Filter>Header Files</Filter>
    </ClInclude>
    <ClInclude Include="LineChartCtrlStat.h">
      <Filter>Header Files</Filter>
    </ClInclude>
    <ClInclude Include="MenuEx.h">
      <Filter>Header Files</Filter>
    </ClInclude>
    <ClInclude Include="Mylistctrl.h">
      <Filter>Header Files</Filter>
    </ClInclude>
    <ClInclude Include="MySheet.h">
      <Filter>Header Files</Filter>
    </ClInclude>
    <ClInclude Include="resource.h">
      <Filter>Header Files</Filter>
    </ClInclude>
    <ClInclude Include="Ruler.h">
      <Filter>Header Files</Filter>
    </ClInclude>
    <ClInclude Include="StdAfx.h">
      <Filter>Header Files</Filter>
    </ClInclude>
    <ClInclude Include="Drill.h">
      <Filter>Header Files</Filter>
    </ClInclude>
    <ClInclude Include="DrillDlg.h">
      <Filter>Header Files</Filter>
    </ClInclude>
    <ClInclude Include="DlgDataStat.h">
      <Filter>Header Files</Filter>
    </ClInclude>
    <ClInclude Include="DlgShowSet.h">
      <Filter>Header Files</Filter>
    </ClInclude>
    <ClInclude Include="TeeChart\axes.h">
      <Filter>Header Files</Filter>
    </ClInclude>
    <ClInclude Include="TeeChart\axis.h">
      <Filter>Header Files</Filter>
    </ClInclude>
    <ClInclude Include="TeeChart\page.h">
      <Filter>Header Files</Filter>
    </ClInclude>
    <ClInclude Include="TeeChart\series.h">
      <Filter>Header Files</Filter>
    </ClInclude>
    <ClInclude Include="TeeChart\tchart.h">
      <Filter>Header Files</Filter>
    </ClInclude>
    <ClInclude Include="DlgStatSet.h">
      <Filter>Header Files</Filter>
    </ClInclude>
    <ClInclude Include="DlgZoomIn.h">
      <Filter>Header Files</Filter>
    </ClInclude>
    <ClInclude Include="DlgModPW.h">
      <Filter>Header Files</Filter>
    </ClInclude>
    <ClInclude Include="DlgValveSet.h">
      <Filter>Header Files</Filter>
    </ClInclude>
    <ClInclude Include="DlgMainShowSet.h">
      <Filter>Header Files</Filter>
    </ClInclude>
    <ClInclude Include="ColorComboBox.h">
      <Filter>Header Files</Filter>
    </ClInclude>
    <ClInclude Include="ColorRadio.h">
      <Filter>Header Files</Filter>
    </ClInclude>
    <ClInclude Include="CWorksheet.h">
      <Filter>Header Files</Filter>
    </ClInclude>
    <ClInclude Include="CWorkbook.h">
      <Filter>Header Files</Filter>
    </ClInclude>
    <ClInclude Include="CWorkbooks.h">
      <Filter>Header Files</Filter>
    </ClInclude>
    <ClInclude Include="CWorksheets.h">
      <Filter>Header Files</Filter>
    </ClInclude>
    <ClInclude Include="CRange.h">
      <Filter>Header Files</Filter>
    </ClInclude>
    <ClInclude Include="CChart.h">
      <Filter>Header Files</Filter>
    </ClInclude>
    <ClInclude Include="CChartObjects.h">
      <Filter>Header Files</Filter>
    </ClInclude>
    <ClInclude Include="CChartObject.h">
      <Filter>Header Files</Filter>
    </ClInclude>
    <ClInclude Include="CShapes.h">
      <Filter>Header Files</Filter>
    </ClInclude>
    <ClInclude Include="DlgScatter.h">
      <Filter>Header Files</Filter>
    </ClInclude>
    <ClInclude Include="NumEdit.h">
      <Filter>Header Files</Filter>
    </ClInclude>
    <ClInclude Include="SerialPort.h">
      <Filter>Header Files</Filter>
    </ClInclude>
    <ClInclude Include="CApplication.h">
      <Filter>Header Files</Filter>
    </ClInclude>
    <ClInclude Include="DlgXlsStatSet.h">
      <Filter>Header Files</Filter>
    </ClInclude>
    <ClInclude Include="CFont0.h">
      <Filter>Header Files</Filter>
    </ClInclude>
    <ClInclude Include="Cnterior.h">
      <Filter>Header Files</Filter>
    </ClInclude>
    <ClInclude Include="lodepng.h">
      <Filter>Header Files</Filter>
    </ClInclude>
    <ClInclude Include="CShape.h">
      <Filter>Header Files</Filter>
    </ClInclude>
    <ClInclude Include="DlgSegCabl.h">
      <Filter>Header Files</Filter>
    </ClInclude>
    <ClInclude Include="excel.h">
      <Filter>Header Files</Filter>
    </ClInclude>
    <ClInclude Include="sqlite3.h">
      <Filter>Header Files</Filter>
    </ClInclude>
    <ClInclude Include="SqliteProc.h">
      <Filter>Header Files</Filter>
    </ClInclude>
    <ClInclude Include="Global.h">
      <Filter>Header Files</Filter>
    </ClInclude>
    <ClInclude Include="DBGlbCfg.h">
      <Filter>Header Files</Filter>
    </ClInclude>
    <ClInclude Include="DBBase.h">
      <Filter>Header Files</Filter>
    </ClInclude>
    <ClInclude Include="DBShowCfg.h">
      <Filter>Header Files</Filter>
    </ClInclude>
    <ClInclude Include="DBShowOption.h">
      <Filter>Header Files</Filter>
    </ClInclude>
    <ClInclude Include="DBShowName.h">
      <Filter>Header Files</Filter>
    </ClInclude>
    <ClInclude Include="DlgGlbCfg.h">
      <Filter>Header Files</Filter>
    </ClInclude>
    <ClInclude Include="DBValTorque.h">
      <Filter>Header Files</Filter>
    </ClInclude>
    <ClInclude Include="DBValTurn.h">
      <Filter>Header Files</Filter>
    </ClInclude>
    <ClInclude Include="DBTorqueCfg.h">
      <Filter>Header Files</Filter>
    </ClInclude>
    <ClInclude Include="DBXlsStatCfg.h">
      <Filter>Header Files</Filter>
    </ClInclude>
    <ClInclude Include="DBValveCfg.h">
      <Filter>Header Files</Filter>
    </ClInclude>
    <ClInclude Include="DBAccess.h">
      <Filter>Header Files</Filter>
    </ClInclude>
    <ClInclude Include="sqlite3ext.h">
      <Filter>Header Files</Filter>
    </ClInclude>
    <ClInclude Include="DrillData.pb.h">
      <Filter>Header Files</Filter>
    </ClInclude>
  </ItemGroup>
  <ItemGroup>
    <Image Include="res\add.ico">
      <Filter>Resource Files</Filter>
    </Image>
    <Image Include="res\apply.ico">
      <Filter>Resource Files</Filter>
    </Image>
    <Image Include="res\cross.bmp">
      <Filter>Resource Files</Filter>
    </Image>
    <Image Include="res\cross_w.bmp">
      <Filter>Resource Files</Filter>
    </Image>
    <Image Include="res\excel.ico">
      <Filter>Resource Files</Filter>
    </Image>
    <Image Include="res\GEARWEEL.ICO">
      <Filter>Resource Files</Filter>
    </Image>
    <Image Include="res\LedOff.ico">
      <Filter>Resource Files</Filter>
    </Image>
    <Image Include="res\ledoff1.ico">
      <Filter>Resource Files</Filter>
    </Image>
    <Image Include="res\ledon.ico">
      <Filter>Resource Files</Filter>
    </Image>
    <Image Include="res\LedRed.ico">
      <Filter>Resource Files</Filter>
    </Image>
    <Image Include="res\LOCKUP.ICO">
      <Filter>Resource Files</Filter>
    </Image>
    <Image Include="res\MARK0023.ICO">
      <Filter>Resource Files</Filter>
    </Image>
    <Image Include="res\MISC1057.ICO">
      <Filter>Resource Files</Filter>
    </Image>
    <Image Include="res\modbuscl.ico">
      <Filter>Resource Files</Filter>
    </Image>
    <Image Include="res\modbusop.ico">
      <Filter>Resource Files</Filter>
    </Image>
    <Image Include="res\Netscape Download.ico">
      <Filter>Resource Files</Filter>
    </Image>
    <Image Include="res\news.ico">
      <Filter>Resource Files</Filter>
    </Image>
    <Image Include="res\No.ico">
      <Filter>Resource Files</Filter>
    </Image>
    <Image Include="res\Open Folder 2.ico">
      <Filter>Resource Files</Filter>
    </Image>
    <Image Include="res\Open Folder.ico">
      <Filter>Resource Files</Filter>
    </Image>
    <Image Include="res\open.ico">
      <Filter>Resource Files</Filter>
    </Image>
    <Image Include="res\PowerOff.ico">
      <Filter>Resource Files</Filter>
    </Image>
    <Image Include="res\Print.ico">
      <Filter>Resource Files</Filter>
    </Image>
    <Image Include="res\prior.ico">
      <Filter>Resource Files</Filter>
    </Image>
    <Image Include="res\REDTICK.ICO">
      <Filter>Resource Files</Filter>
    </Image>
    <Image Include="res\RUN.ico">
      <Filter>Resource Files</Filter>
    </Image>
    <Image Include="res\Save.ico">
      <Filter>Resource Files</Filter>
    </Image>
    <Image Include="res\SETSOUND.ICO">
      <Filter>Resource Files</Filter>
    </Image>
    <Image Include="res\STOP.ico">
      <Filter>Resource Files</Filter>
    </Image>
    <Image Include="res\TIMER01.ICO">
      <Filter>Resource Files</Filter>
    </Image>
    <Image Include="res\toolbar.bmp">
      <Filter>Resource Files</Filter>
    </Image>
    <Image Include="res\Tools4.ico">
      <Filter>Resource Files</Filter>
    </Image>
    <Image Include="res\Drill.ico">
      <Filter>Resource Files</Filter>
    </Image>
    <Image Include="res\UnloadB.ico">
      <Filter>Resource Files</Filter>
    </Image>
    <Image Include="res\UnloadE.ico">
      <Filter>Resource Files</Filter>
    </Image>
    <Image Include="res\VOLUME.ICO">
      <Filter>Resource Files</Filter>
    </Image>
    <Image Include="res\word.ico">
      <Filter>Resource Files</Filter>
    </Image>
    <Image Include="res\ANGLE.BMP">
      <Filter>Resource Files</Filter>
    </Image>
    <Image Include="res\BMKONG.BMP">
      <Filter>Resource Files</Filter>
    </Image>
    <Image Include="res\KONG.BMP">
      <Filter>Resource Files</Filter>
    </Image>
    <Image Include="res\HUI.BMP">
      <Filter>Resource Files</Filter>
    </Image>
    <Image Include="res\6315318.png">
      <Filter>Resource Files</Filter>
    </Image>
  </ItemGroup>
  <ItemGroup>
    <ResourceCompile Include="Drill.rc">
      <Filter>Resource Files</Filter>
    </ResourceCompile>
  </ItemGroup>
  <ItemGroup>
    <ClCompile Include="BtnST.cpp">
      <Filter>Source Files</Filter>
    </ClCompile>
    <ClCompile Include="CeXDib.cpp">
      <Filter>Source Files</Filter>
    </ClCompile>
    <ClCompile Include="CrashHandler.cpp">
      <Filter>Source Files</Filter>
    </ClCompile>
    <ClCompile Include="DlgCollect.cpp">
      <Filter>Source Files</Filter>
    </ClCompile>
    <ClCompile Include="DlgFuncTest.cpp">
      <Filter>Source Files</Filter>
    </ClCompile>
    <ClCompile Include="DlgHisGrp.cpp">
      <Filter>Source Files</Filter>
    </ClCompile>
    <ClCompile Include="DlgHisList.cpp">
      <Filter>Source Files</Filter>
    </ClCompile>
    <ClCompile Include="DlgHisSumup.cpp">
      <Filter>Source Files</Filter>
    </ClCompile>
    <ClCompile Include="DlgParaSet.cpp">
      <Filter>Source Files</Filter>
    </ClCompile>
    <ClCompile Include="DlgPassword.cpp">
      <Filter>Source Files</Filter>
    </ClCompile>
    <ClCompile Include="DlgRemark.cpp">
      <Filter>Source Files</Filter>
    </ClCompile>
    <ClCompile Include="DlgScm.cpp">
      <Filter>Source Files</Filter>
    </ClCompile>
    <ClCompile Include="DlgZero.cpp">
      <Filter>Source Files</Filter>
    </ClCompile>
    <ClCompile Include="HighResTimer.cpp">
      <Filter>Source Files</Filter>
    </ClCompile>
    <ClCompile Include="LineChartCtrl.cpp">
      <Filter>Source Files</Filter>
    </ClCompile>
    <ClCompile Include="LineChartCtrlEx.cpp">
      <Filter>Source Files</Filter>
    </ClCompile>
    <ClCompile Include="LineChartCtrlStat.cpp">
      <Filter>Source Files</Filter>
    </ClCompile>
    <ClCompile Include="MenuEx.cpp">
      <Filter>Source Files</Filter>
    </ClCompile>
    <ClCompile Include="Mylistctrl.cpp">
      <Filter>Source Files</Filter>
    </ClCompile>
    <ClCompile Include="MySheet.cpp">
      <Filter>Source Files</Filter>
    </ClCompile>
    <ClCompile Include="Ruler.cpp">
      <Filter>Source Files</Filter>
    </ClCompile>
    <ClCompile Include="StdAfx.cpp">
      <Filter>Source Files</Filter>
    </ClCompile>
    <ClCompile Include="Drill.cpp">
      <Filter>Source Files</Filter>
    </ClCompile>
    <ClCompile Include="DrillDlg.cpp">
      <Filter>Source Files</Filter>
    </ClCompile>
    <ClCompile Include="DlgDataStat.cpp">
      <Filter>Source Files</Filter>
    </ClCompile>
    <ClCompile Include="DlgShowSet.cpp">
      <Filter>Source Files</Filter>
    </ClCompile>
    <ClCompile Include="TeeChart\axes.cpp">
      <Filter>Source Files</Filter>
    </ClCompile>
    <ClCompile Include="TeeChart\axis.cpp">
      <Filter>Source Files</Filter>
    </ClCompile>
    <ClCompile Include="TeeChart\page.cpp">
      <Filter>Source Files</Filter>
    </ClCompile>
    <ClCompile Include="TeeChart\series.cpp">
      <Filter>Source Files</Filter>
    </ClCompile>
    <ClCompile Include="TeeChart\tchart.cpp">
      <Filter>Source Files</Filter>
    </ClCompile>
    <ClCompile Include="DlgStatSet.cpp">
      <Filter>Source Files</Filter>
    </ClCompile>
    <ClCompile Include="DlgZoomIn.cpp">
      <Filter>Source Files</Filter>
    </ClCompile>
    <ClCompile Include="DlgModPW.cpp">
      <Filter>Source Files</Filter>
    </ClCompile>
    <ClCompile Include="DlgValveSet.cpp">
      <Filter>Source Files</Filter>
    </ClCompile>
    <ClCompile Include="DlgMainShowSet.cpp">
      <Filter>Source Files</Filter>
    </ClCompile>
    <ClCompile Include="ColorComboBox.cpp">
      <Filter>Source Files</Filter>
    </ClCompile>
    <ClCompile Include="ColorRadio.cpp">
      <Filter>Source Files</Filter>
    </ClCompile>
    <ClCompile Include="DlgScatter.cpp">
      <Filter>Source Files</Filter>
    </ClCompile>
    <ClCompile Include="NumEdit.cpp">
      <Filter>Source Files</Filter>
    </ClCompile>
    <ClCompile Include="SerialPort.cpp">
      <Filter>Source Files</Filter>
    </ClCompile>
    <ClCompile Include="DlgXlsStatSet.cpp">
      <Filter>Source Files</Filter>
    </ClCompile>
    <ClCompile Include="lodepng.cpp">
      <Filter>Source Files</Filter>
    </ClCompile>
    <ClCompile Include="DlgSegCabl.cpp">
      <Filter>Source Files</Filter>
    </ClCompile>
    <ClCompile Include="Excel.cpp">
      <Filter>Source Files</Filter>
    </ClCompile>
    <ClCompile Include="sqlite3.c">
      <Filter>Source Files</Filter>
    </ClCompile>
    <ClCompile Include="SqliteProc.cpp">
      <Filter>Source Files</Filter>
    </ClCompile>
    <ClCompile Include="Global.cpp">
      <Filter>Source Files</Filter>
    </ClCompile>
    <ClCompile Include="DBGlbCfg.cpp">
      <Filter>Source Files</Filter>
    </ClCompile>
    <ClCompile Include="DBBase.cpp">
      <Filter>Source Files</Filter>
    </ClCompile>
    <ClCompile Include="DBShowCfg.cpp">
      <Filter>Source Files</Filter>
    </ClCompile>
    <ClCompile Include="DBShowOption.cpp">
      <Filter>Source Files</Filter>
    </ClCompile>
    <ClCompile Include="DBShowName.cpp">
      <Filter>Source Files</Filter>
    </ClCompile>
    <ClCompile Include="DlgGlbCfg.cpp">
      <Filter>Source Files</Filter>
    </ClCompile>
    <ClCompile Include="DBValTorque.cpp">
      <Filter>Source Files</Filter>
    </ClCompile>
    <ClCompile Include="DBValTurn.cpp">
      <Filter>Source Files</Filter>
    </ClCompile>
    <ClCompile Include="DBTorqueCfg.cpp">
      <Filter>Source Files</Filter>
    </ClCompile>
    <ClCompile Include="DBXlsStatCfg.cpp">
      <Filter>Source Files</Filter>
    </ClCompile>
    <ClCompile Include="DBValveCfg.cpp">
      <Filter>Source Files</Filter>
    </ClCompile>
    <ClCompile Include="DBAccess.cpp">
      <Filter>Source Files</Filter>
    </ClCompile>
    <ClCompile Include="DrillData.pb.cc">
      <Filter>Source Files</Filter>
    </ClCompile>
  </ItemGroup>
</Project>